version = 1
revision = 3
requires-python = ">=3.8"
resolution-markers = [
    "python_full_version >= '3.11'",
    "python_full_version == '3.10.*'",
    "python_full_version < '3.10'",
]

[[package]]
name = "biopython"
version = "1.83"
source = { registry = "https://pypi.org/simple" }
dependencies = [
    { name = "numpy" },
]
sdist = { url = "https://files.pythonhosted.org/packages/cc/d4/3d8848191a7a37187704c382e6dfda4d6a47d05a14cd64f004c55a3cd5a1/biopython-1.83.tar.gz", hash = "sha256:78e6bfb78de63034037afd35fe77cb6e0a9e5b62706becf78a7d922b16ed83f7", size = 19431530, upload-time = "2024-01-10T12:25:28.048Z" }
wheels = [
    { url = "https://files.pythonhosted.org/packages/f3/72/121580953f63a20870d7e6ce1bd0bb86fb916b034870189b61cbc8f6e096/biopython-1.83-cp310-cp310-macosx_10_9_x86_64.whl", hash = "sha256:e2cc737906d8de47eedbc4476f711b960c16a65daa8cdd021875398c81999a09", size = 2689906, upload-time = "2024-01-10T12:25:43.026Z" },
    { url = "https://files.pythonhosted.org/packages/9a/ea/45c6239aa17ce0994ee5deb6d847e22c9f75723612c67a258957e63e0a5b/biopython-1.83-cp310-cp310-macosx_11_0_arm64.whl", hash = "sha256:741abad84165e4caf0c80e485054135f51c21177e50ac6fcc502a45a6e8f7311", size = 2676869, upload-time = "2024-02-26T13:47:12.275Z" },
    { url = "https://files.pythonhosted.org/packages/1f/24/54402fd6343a688a59f83aab37234ae2716dc7ed0ed8c33cef02727acfc3/biopython-1.83-cp310-cp310-manylinux_2_17_x86_64.manylinux2014_x86_64.whl", hash = "sha256:2df408be9816dd98c28fe181ea93fb6e0d375bf1763ad9ed503ac30bb2df5b1a", size = 3101912, upload-time = "2024-01-10T12:25:49.786Z" },
    { url = "https://files.pythonhosted.org/packages/8c/6a/f38bc09251404d546cc7011ef27353531ceba5f29f25be35e66706e24a13/biopython-1.83-cp310-cp310-win32.whl", hash = "sha256:a0c1c70789c7e2a26563db5ba533fb9fea0cc1f2c7bc7ad240146cb223ba44a3", size = 2689413, upload-time = "2024-01-10T12:25:55.772Z" },
    { url = "https://files.pythonhosted.org/packages/0c/09/4b5ad1d3f08c040ad4809e937d4d469eebb05f93a4fb7a85a9e7e40ccde8/biopython-1.83-cp310-cp310-win_amd64.whl", hash = "sha256:56f03f43c183acb88c082bc31e5f047fcc6d0aceb5270fbd29c31ab769795b86", size = 2725216, upload-time = "2024-01-10T12:26:01.086Z" },
    { url = "https://files.pythonhosted.org/packages/44/a1/53fdaf58f677a54dca2cf23d4a6dafc3c55478416f602738308fda2a107f/biopython-1.83-cp311-cp311-macosx_10_9_x86_64.whl", hash = "sha256:a01dfdad7210f2fd5c4f36606278f91dbfdda6dac02347206d13cc618e79fe32", size = 2690083, upload-time = "2024-01-10T12:26:06.269Z" },
    { url = "https://files.pythonhosted.org/packages/7e/40/0543d137e4a45b0e5d3a7c5ce9b607e687d9e5b715eadfdae34de8d6906a/biopython-1.83-cp311-cp311-macosx_11_0_arm64.whl", hash = "sha256:3686ff61df3f24ecf6f23826e4fe5172c5e5f745099bc8fbb176f5304582f88f", size = 2676975, upload-time = "2024-02-26T13:47:18.835Z" },
    { url = "https://files.pythonhosted.org/packages/2a/38/3b971995c8bb2fad0b9809a61c8099fb1b2e579236e4c94fb0797825e171/biopython-1.83-cp311-cp311-manylinux_2_17_x86_64.manylinux2014_x86_64.whl", hash = "sha256:c756c0b81702c705141c87c2805203df01c6d4cf290e8cefd48cbc61a3c85b82", size = 3113769, upload-time = "2024-01-10T12:26:11.343Z" },
    { url = "https://files.pythonhosted.org/packages/f1/91/0759c7476a157887d68a1b286de4f1a7ec387cabdbf022e78d6c9a1010a9/biopython-1.83-cp311-cp311-win32.whl", hash = "sha256:0496f2a6e6e060d8ff0f34784ad15ed342b10cfe282020efe168286f0c14c479", size = 2689340, upload-time = "2024-01-10T12:26:15.995Z" },
    { url = "https://files.pythonhosted.org/packages/b8/c8/18570a63e8b6fe99a856698d500fb326f0ce247d2b70d8d631d4abcb5c9c/biopython-1.83-cp311-cp311-win_amd64.whl", hash = "sha256:8552cc467429b555c604b84fc174c33923bf7e4c735774eda505f1d5a9c2feab", size = 2725183, upload-time = "2024-01-10T12:26:21.15Z" },
    { url = "https://files.pythonhosted.org/packages/82/fd/176b5198f3d31d089c66a2ae6236b4f9ba311e251a3cc6df9708fc31f4ad/biopython-1.83-cp312-cp312-macosx_10_9_x86_64.whl", hash = "sha256:0d5ce14755a6b49dea4743cf6929570afe5becb66ad222194984c7bf04218f86", size = 2690888, upload-time = "2024-01-10T12:26:25.95Z" },
    { url = "https://files.pythonhosted.org/packages/29/86/cc72bc4aef2607e28520793dbb3878191428605900247d23c3e68102803a/biopython-1.83-cp312-cp312-macosx_11_0_arm64.whl", hash = "sha256:29708772651d930e808cd24c519fd4f39b2e719668944c0aa1eaf0b1deef9f48", size = 2677167, upload-time = "2024-02-26T13:47:24.769Z" },
    { url = "https://files.pythonhosted.org/packages/13/82/f279caa7647d4afde960ae466cab1f44257d39ca26ecf4deecd086f23290/biopython-1.83-cp312-cp312-manylinux_2_17_x86_64.manylinux2014_x86_64.whl", hash = "sha256:0b35aa095de0fa8339b70664797d0e83322a1a9d512e2fd52d4e872df5189f56", size = 3127122, upload-time = "2024-01-10T12:26:31.016Z" },
    { url = "https://files.pythonhosted.org/packages/53/18/ece4454497a2e14042deba6ec4ad4e0328d01035527a752c6db5e2244dd2/biopython-1.83-cp312-cp312-win32.whl", hash = "sha256:118425a210cb3d184c7a78154c5646089366faf124cd46c6056ca7f9302b94ad", size = 2690448, upload-time = "2024-01-10T12:26:35.525Z" },
    { url = "https://files.pythonhosted.org/packages/8a/32/ad3f07c3dfc20a8f168f897b6d2312647ee3e598e0cd1270304897049126/biopython-1.83-cp312-cp312-win_amd64.whl", hash = "sha256:ca94e8ea8907de841a515af55acb1922a9de99b3144c738a193f2a75e4726078", size = 2725541, upload-time = "2024-01-10T12:26:40.218Z" },
    { url = "https://files.pythonhosted.org/packages/43/e5/30dc0f967b2792bedff350d4a87e30c3cbbe0e4cb2608b7e6241056d6db9/biopython-1.83-cp38-cp38-macosx_10_9_x86_64.whl", hash = "sha256:e37884fe39e4560bf5934a4ec4ba7f7fe0e7c091053d03d05b20a70557167717", size = 2689881, upload-time = "2024-01-10T12:26:45.027Z" },
    { url = "https://files.pythonhosted.org/packages/bd/5f/7494b759be0478cb2779a5e26db0ff6356eeab051ced65496ff7af16137c/biopython-1.83-cp38-cp38-macosx_11_0_arm64.whl", hash = "sha256:4cc011346bc8af264e3d3ea98c665b6ebe20e503f1dd50ee7e0bc913941b4c6e", size = 2676864, upload-time = "2024-02-26T13:47:29.893Z" },
    { url = "https://files.pythonhosted.org/packages/05/2f/4ad16933096030e76046659f40b381869e46c4a26f4735969240d2c0adee/biopython-1.83-cp38-cp38-manylinux_2_17_x86_64.manylinux2014_x86_64.whl", hash = "sha256:fd9bc6fef3f6a10043635a75e1a77c9dce877375140e81059c67c73d4ce65c4c", size = 3111259, upload-time = "2024-01-10T12:26:51.006Z" },
    { url = "https://files.pythonhosted.org/packages/70/4a/6f9653c962ed59c3b166ffcd12336f4c6188b080d21a1aacc959efc3b151/biopython-1.83-cp38-cp38-manylinux_2_5_i686.manylinux1_i686.manylinux_2_17_i686.manylinux2014_i686.whl", hash = "sha256:2c3584122a5daca25b3914a32c52785b051c11518cd5e111e9e89ee04a6234fe", size = 3073513, upload-time = "2024-01-10T12:26:56.753Z" },
    { url = "https://files.pythonhosted.org/packages/13/2f/e344b9d250a9f6f7d9b07e543ee05bc0d4e53c5fab140a9a1b7d4225389f/biopython-1.83-cp38-cp38-win32.whl", hash = "sha256:641c1a860705d6740eb16c6147b2b730b05a8f5974db804c14d5faa8a1446085", size = 2689412, upload-time = "2024-01-10T12:27:01.309Z" },
    { url = "https://files.pythonhosted.org/packages/2a/3c/10f22f3599acdf12b2a7a687589e3722b521147fe0e7846bd11f294eaf90/biopython-1.83-cp38-cp38-win_amd64.whl", hash = "sha256:94b68e550619e1b6e3784ed8cecb62f201d70d8b87d3a90365291f065ab42bd9", size = 2725178, upload-time = "2024-01-10T12:27:06.186Z" },
    { url = "https://files.pythonhosted.org/packages/a7/a9/1b1eb46b43541c7d5fd627022915ff80a5d3ba860fdf206a665b3d3d9077/biopython-1.83-cp39-cp39-macosx_10_9_x86_64.whl", hash = "sha256:81d1e2515b380e1876720ba79dbf50f8ef3a38cc38ba5953ef61ec20d0934ee2", size = 2689915, upload-time = "2024-01-10T12:27:11.456Z" },
    { url = "https://files.pythonhosted.org/packages/61/55/4e60b4b75520761ce78fe685a0a4fd18488e8fdaf5230328339176ac98ed/biopython-1.83-cp39-cp39-macosx_11_0_arm64.whl", hash = "sha256:30fa323694ee640978888d0c8c4f61f951d119ccec52b1dd5fe0668cfffb6648", size = 2676879, upload-time = "2024-02-26T13:47:34.66Z" },
    { url = "https://files.pythonhosted.org/packages/30/b0/73fc250af13256c1c1db1edd17f2786fb02dda4c141d809b0d4159c6bbf1/biopython-1.83-cp39-cp39-manylinux_2_17_x86_64.manylinux2014_x86_64.whl", hash = "sha256:ec82350c24cdcf34a8d4a5f189d0ff7dc025658098a60e6f0e681d24b6a1414e", size = 3100642, upload-time = "2024-01-10T12:27:16.517Z" },
    { url = "https://files.pythonhosted.org/packages/98/ed/5a342a9a3fe84a2b7699881331bb6e7296fb6332ec4c0a705ff82c9b8dde/biopython-1.83-cp39-cp39-win32.whl", hash = "sha256:e914f7161b3831d7c58db33cc5c7ca64b42c9877c5a776a8313e7a5fd494f8de", size = 2689415, upload-time = "2024-01-10T12:27:21.629Z" },
    { url = "https://files.pythonhosted.org/packages/f1/27/be0ea2b3b5a03976e122376954c3b0f761a5ba55f107ee3b050725bf1c1e/biopython-1.83-cp39-cp39-win_amd64.whl", hash = "sha256:aae1b156a76907c2abfe9d141776b0aead65695ea914eaecdf12bd1e8991f869", size = 2725199, upload-time = "2024-01-10T12:27:26.191Z" },
]

[[package]]
name = "et-xmlfile"
version = "2.0.0"
source = { registry = "https://pypi.org/simple" }
sdist = { url = "https://files.pythonhosted.org/packages/d3/38/af70d7ab1ae9d4da450eeec1fa3918940a5fafb9055e934af8d6eb0c2313/et_xmlfile-2.0.0.tar.gz", hash = "sha256:dab3f4764309081ce75662649be815c4c9081e88f0837825f90fd28317d4da54", size = 17234, upload-time = "2024-10-25T17:25:40.039Z" }
wheels = [
    { url = "https://files.pythonhosted.org/packages/c1/8b/5fe2cc11fee489817272089c4203e679c63b570a5aaeb18d852ae3cbba6a/et_xmlfile-2.0.0-py3-none-any.whl", hash = "sha256:7a91720bc756843502c3b7504c77b8fe44217c85c537d85037f0f536151b2caa", size = 18059, upload-time = "2024-10-25T17:25:39.051Z" },
]

[[package]]
name = "insitu-probe-generator"
version = "2.1.1"
source = { virtual = "." }
dependencies = [
    { name = "biopython" },
    { name = "numpy" },
    { name = "openpyxl" },
    { name = "pandas" },
]

[package.metadata]
requires-dist = [
    { name = "biopython", specifier = ">=1.81" },
    { name = "numpy", specifier = "<2.0" },
    { name = "openpyxl", specifier = ">=3.1.3" },
    { name = "pandas", specifier = ">=1.1.5" },
]

[[package]]
name = "numpy"
version = "1.24.4"
source = { registry = "https://pypi.org/simple" }
sdist = { url = "https://files.pythonhosted.org/packages/a4/9b/027bec52c633f6556dba6b722d9a0befb40498b9ceddd29cbe67a45a127c/numpy-1.24.4.tar.gz", hash = "sha256:80f5e3a4e498641401868df4208b74581206afbee7cf7b8329daae82676d9463", size = 10911229, upload-time = "2023-06-26T13:39:33.218Z" }
wheels = [
    { url = "https://files.pythonhosted.org/packages/6b/80/6cdfb3e275d95155a34659163b83c09e3a3ff9f1456880bec6cc63d71083/numpy-1.24.4-cp310-cp310-macosx_10_9_x86_64.whl", hash = "sha256:c0bfb52d2169d58c1cdb8cc1f16989101639b34c7d3ce60ed70b19c63eba0b64", size = 19789140, upload-time = "2023-06-26T13:22:33.184Z" },
    { url = "https://files.pythonhosted.org/packages/64/5f/3f01d753e2175cfade1013eea08db99ba1ee4bdb147ebcf3623b75d12aa7/numpy-1.24.4-cp310-cp310-macosx_11_0_arm64.whl", hash = "sha256:ed094d4f0c177b1b8e7aa9cba7d6ceed51c0e569a5318ac0ca9a090680a6a1b1", size = 13854297, upload-time = "2023-06-26T13:22:59.541Z" },
    { url = "https://files.pythonhosted.org/packages/5a/b3/2f9c21d799fa07053ffa151faccdceeb69beec5a010576b8991f614021f7/numpy-1.24.4-cp310-cp310-manylinux_2_17_aarch64.manylinux2014_aarch64.whl", hash = "sha256:79fc682a374c4a8ed08b331bef9c5f582585d1048fa6d80bc6c35bc384eee9b4", size = 13995611, upload-time = "2023-06-26T13:23:22.167Z" },
    { url = "https://files.pythonhosted.org/packages/10/be/ae5bf4737cb79ba437879915791f6f26d92583c738d7d960ad94e5c36adf/numpy-1.24.4-cp310-cp310-manylinux_2_17_x86_64.manylinux2014_x86_64.whl", hash = "sha256:7ffe43c74893dbf38c2b0a1f5428760a1a9c98285553c89e12d70a96a7f3a4d6", size = 17282357, upload-time = "2023-06-26T13:23:51.446Z" },
    { url = "https://files.pythonhosted.org/packages/c0/64/908c1087be6285f40e4b3e79454552a701664a079321cff519d8c7051d06/numpy-1.24.4-cp310-cp310-win32.whl", hash = "sha256:4c21decb6ea94057331e111a5bed9a79d335658c27ce2adb580fb4d54f2ad9bc", size = 12429222, upload-time = "2023-06-26T13:24:13.849Z" },
    { url = "https://files.pythonhosted.org/packages/22/55/3d5a7c1142e0d9329ad27cece17933b0e2ab4e54ddc5c1861fbfeb3f7693/numpy-1.24.4-cp310-cp310-win_amd64.whl", hash = "sha256:b4bea75e47d9586d31e892a7401f76e909712a0fd510f58f5337bea9572c571e", size = 14841514, upload-time = "2023-06-26T13:24:38.129Z" },
    { url = "https://files.pythonhosted.org/packages/a9/cc/5ed2280a27e5dab12994c884f1f4d8c3bd4d885d02ae9e52a9d213a6a5e2/numpy-1.24.4-cp311-cp311-macosx_10_9_x86_64.whl", hash = "sha256:f136bab9c2cfd8da131132c2cf6cc27331dd6fae65f95f69dcd4ae3c3639c810", size = 19775508, upload-time = "2023-06-26T13:25:08.882Z" },
    { url = "https://files.pythonhosted.org/packages/c0/bc/77635c657a3668cf652806210b8662e1aff84b818a55ba88257abf6637a8/numpy-1.24.4-cp311-cp311-macosx_11_0_arm64.whl", hash = "sha256:e2926dac25b313635e4d6cf4dc4e51c8c0ebfed60b801c799ffc4c32bf3d1254", size = 13840033, upload-time = "2023-06-26T13:25:33.417Z" },
    { url = "https://files.pythonhosted.org/packages/a7/4c/96cdaa34f54c05e97c1c50f39f98d608f96f0677a6589e64e53104e22904/numpy-1.24.4-cp311-cp311-manylinux_2_17_aarch64.manylinux2014_aarch64.whl", hash = "sha256:222e40d0e2548690405b0b3c7b21d1169117391c2e82c378467ef9ab4c8f0da7", size = 13991951, upload-time = "2023-06-26T13:25:55.725Z" },
    { url = "https://files.pythonhosted.org/packages/22/97/dfb1a31bb46686f09e68ea6ac5c63fdee0d22d7b23b8f3f7ea07712869ef/numpy-1.24.4-cp311-cp311-manylinux_2_17_x86_64.manylinux2014_x86_64.whl", hash = "sha256:7215847ce88a85ce39baf9e89070cb860c98fdddacbaa6c0da3ffb31b3350bd5", size = 17278923, upload-time = "2023-06-26T13:26:25.658Z" },
    { url = "https://files.pythonhosted.org/packages/35/e2/76a11e54139654a324d107da1d98f99e7aa2a7ef97cfd7c631fba7dbde71/numpy-1.24.4-cp311-cp311-win32.whl", hash = "sha256:4979217d7de511a8d57f4b4b5b2b965f707768440c17cb70fbf254c4b225238d", size = 12422446, upload-time = "2023-06-26T13:26:49.302Z" },
    { url = "https://files.pythonhosted.org/packages/d8/ec/ebef2f7d7c28503f958f0f8b992e7ce606fb74f9e891199329d5f5f87404/numpy-1.24.4-cp311-cp311-win_amd64.whl", hash = "sha256:b7b1fc9864d7d39e28f41d089bfd6353cb5f27ecd9905348c24187a768c79694", size = 14834466, upload-time = "2023-06-26T13:27:16.029Z" },
    { url = "https://files.pythonhosted.org/packages/11/10/943cfb579f1a02909ff96464c69893b1d25be3731b5d3652c2e0cf1281ea/numpy-1.24.4-cp38-cp38-macosx_10_9_x86_64.whl", hash = "sha256:1452241c290f3e2a312c137a9999cdbf63f78864d63c79039bda65ee86943f61", size = 19780722, upload-time = "2023-06-26T13:27:49.573Z" },
    { url = "https://files.pythonhosted.org/packages/a7/ae/f53b7b265fdc701e663fbb322a8e9d4b14d9cb7b2385f45ddfabfc4327e4/numpy-1.24.4-cp38-cp38-macosx_11_0_arm64.whl", hash = "sha256:04640dab83f7c6c85abf9cd729c5b65f1ebd0ccf9de90b270cd61935eef0197f", size = 13843102, upload-time = "2023-06-26T13:28:12.288Z" },
    { url = "https://files.pythonhosted.org/packages/25/6f/2586a50ad72e8dbb1d8381f837008a0321a3516dfd7cb57fc8cf7e4bb06b/numpy-1.24.4-cp38-cp38-manylinux_2_17_aarch64.manylinux2014_aarch64.whl", hash = "sha256:a5425b114831d1e77e4b5d812b69d11d962e104095a5b9c3b641a218abcc050e", size = 14039616, upload-time = "2023-06-26T13:28:35.659Z" },
    { url = "https://files.pythonhosted.org/packages/98/5d/5738903efe0ecb73e51eb44feafba32bdba2081263d40c5043568ff60faf/numpy-1.24.4-cp38-cp38-manylinux_2_17_x86_64.manylinux2014_x86_64.whl", hash = "sha256:dd80e219fd4c71fc3699fc1dadac5dcf4fd882bfc6f7ec53d30fa197b8ee22dc", size = 17316263, upload-time = "2023-06-26T13:29:09.272Z" },
    { url = "https://files.pythonhosted.org/packages/d1/57/8d328f0b91c733aa9aa7ee540dbc49b58796c862b4fbcb1146c701e888da/numpy-1.24.4-cp38-cp38-win32.whl", hash = "sha256:4602244f345453db537be5314d3983dbf5834a9701b7723ec28923e2889e0bb2", size = 12455660, upload-time = "2023-06-26T13:29:33.434Z" },
    { url = "https://files.pythonhosted.org/packages/69/65/0d47953afa0ad569d12de5f65d964321c208492064c38fe3b0b9744f8d44/numpy-1.24.4-cp38-cp38-win_amd64.whl", hash = "sha256:692f2e0f55794943c5bfff12b3f56f99af76f902fc47487bdfe97856de51a706", size = 14868112, upload-time = "2023-06-26T13:29:58.385Z" },
    { url = "https://files.pythonhosted.org/packages/9a/cd/d5b0402b801c8a8b56b04c1e85c6165efab298d2f0ab741c2406516ede3a/numpy-1.24.4-cp39-cp39-macosx_10_9_x86_64.whl", hash = "sha256:2541312fbf09977f3b3ad449c4e5f4bb55d0dbf79226d7724211acc905049400", size = 19816549, upload-time = "2023-06-26T13:30:36.976Z" },
    { url = "https://files.pythonhosted.org/packages/14/27/638aaa446f39113a3ed38b37a66243e21b38110d021bfcb940c383e120f2/numpy-1.24.4-cp39-cp39-macosx_11_0_arm64.whl", hash = "sha256:9667575fb6d13c95f1b36aca12c5ee3356bf001b714fc354eb5465ce1609e62f", size = 13879950, upload-time = "2023-06-26T13:31:01.787Z" },
    { url = "https://files.pythonhosted.org/packages/8f/27/91894916e50627476cff1a4e4363ab6179d01077d71b9afed41d9e1f18bf/numpy-1.24.4-cp39-cp39-manylinux_2_17_aarch64.manylinux2014_aarch64.whl", hash = "sha256:f3a86ed21e4f87050382c7bc96571755193c4c1392490744ac73d660e8f564a9", size = 14030228, upload-time = "2023-06-26T13:31:26.696Z" },
    { url = "https://files.pythonhosted.org/packages/7a/7c/d7b2a0417af6428440c0ad7cb9799073e507b1a465f827d058b826236964/numpy-1.24.4-cp39-cp39-manylinux_2_17_x86_64.manylinux2014_x86_64.whl", hash = "sha256:d11efb4dbecbdf22508d55e48d9c8384db795e1b7b51ea735289ff96613ff74d", size = 17311170, upload-time = "2023-06-26T13:31:56.615Z" },
    { url = "https://files.pythonhosted.org/packages/18/9d/e02ace5d7dfccee796c37b995c63322674daf88ae2f4a4724c5dd0afcc91/numpy-1.24.4-cp39-cp39-win32.whl", hash = "sha256:6620c0acd41dbcb368610bb2f4d83145674040025e5536954782467100aa8835", size = 12454918, upload-time = "2023-06-26T13:32:16.8Z" },
    { url = "https://files.pythonhosted.org/packages/63/38/6cc19d6b8bfa1d1a459daf2b3fe325453153ca7019976274b6f33d8b5663/numpy-1.24.4-cp39-cp39-win_amd64.whl", hash = "sha256:befe2bf740fd8373cf56149a5c23a0f601e82869598d41f8e188a0e9869926f8", size = 14867441, upload-time = "2023-06-26T13:32:40.521Z" },
    { url = "https://files.pythonhosted.org/packages/a4/fd/8dff40e25e937c94257455c237b9b6bf5a30d42dd1cc11555533be099492/numpy-1.24.4-pp38-pypy38_pp73-macosx_10_9_x86_64.whl", hash = "sha256:31f13e25b4e304632a4619d0e0777662c2ffea99fcae2029556b17d8ff958aef", size = 19156590, upload-time = "2023-06-26T13:33:10.36Z" },
    { url = "https://files.pythonhosted.org/packages/42/e7/4bf953c6e05df90c6d351af69966384fed8e988d0e8c54dad7103b59f3ba/numpy-1.24.4-pp38-pypy38_pp73-manylinux_2_17_x86_64.manylinux2014_x86_64.whl", hash = "sha256:95f7ac6540e95bc440ad77f56e520da5bf877f87dca58bd095288dce8940532a", size = 16705744, upload-time = "2023-06-26T13:33:36.703Z" },
    { url = "https://files.pythonhosted.org/packages/fc/dd/9106005eb477d022b60b3817ed5937a43dad8fd1f20b0610ea8a32fcb407/numpy-1.24.4-pp38-pypy38_pp73-win_amd64.whl", hash = "sha256:e98f220aa76ca2a977fe435f5b04d7b3470c0a2e6312907b37ba6068f26787f2", size = 14734290, upload-time = "2023-06-26T13:34:05.409Z" },
]

[[package]]
name = "openpyxl"
version = "3.1.5"
source = { registry = "https://pypi.org/simple" }
dependencies = [
    { name = "et-xmlfile" },
]
sdist = { url = "https://files.pythonhosted.org/packages/3d/f9/88d94a75de065ea32619465d2f77b29a0469500e99012523b91cc4141cd1/openpyxl-3.1.5.tar.gz", hash = "sha256:cf0e3cf56142039133628b5acffe8ef0c12bc902d2aadd3e0fe5878dc08d1050", size = 186464, upload-time = "2024-06-28T14:03:44.161Z" }
wheels = [
    { url = "https://files.pythonhosted.org/packages/c0/da/977ded879c29cbd04de313843e76868e6e13408a94ed6b987245dc7c8506/openpyxl-3.1.5-py2.py3-none-any.whl", hash = "sha256:5282c12b107bffeef825f4617dc029afaf41d0ea60823bbb665ef3079dc79de2", size = 250910, upload-time = "2024-06-28T14:03:41.161Z" },
]

[[package]]
name = "pandas"
version = "2.0.3"
source = { registry = "https://pypi.org/simple" }
dependencies = [
    { name = "numpy" },
    { name = "python-dateutil" },
    { name = "pytz" },
    { name = "tzdata" },
]
sdist = { url = "https://files.pythonhosted.org/packages/b1/a7/824332581e258b5aa4f3763ecb2a797e5f9a54269044ba2e50ac19936b32/pandas-2.0.3.tar.gz", hash = "sha256:c02f372a88e0d17f36d3093a644c73cfc1788e876a7c4bcb4020a77512e2043c", size = 5284455, upload-time = "2023-06-28T23:19:33.371Z" }
wheels = [
    { url = "https://files.pythonhosted.org/packages/3c/b2/0d4a5729ce1ce11630c4fc5d5522a33b967b3ca146c210f58efde7c40e99/pandas-2.0.3-cp310-cp310-macosx_10_9_x86_64.whl", hash = "sha256:e4c7c9f27a4185304c7caf96dc7d91bc60bc162221152de697c98eb0b2648dd8", size = 11760908, upload-time = "2023-06-28T23:15:57.001Z" },
    { url = "https://files.pythonhosted.org/packages/4a/f6/f620ca62365d83e663a255a41b08d2fc2eaf304e0b8b21bb6d62a7390fe3/pandas-2.0.3-cp310-cp310-macosx_11_0_arm64.whl", hash = "sha256:f167beed68918d62bffb6ec64f2e1d8a7d297a038f86d4aed056b9493fca407f", size = 10823486, upload-time = "2023-06-28T23:16:06.863Z" },
    { url = "https://files.pythonhosted.org/packages/c2/59/cb4234bc9b968c57e81861b306b10cd8170272c57b098b724d3de5eda124/pandas-2.0.3-cp310-cp310-manylinux_2_17_aarch64.manylinux2014_aarch64.whl", hash = "sha256:ce0c6f76a0f1ba361551f3e6dceaff06bde7514a374aa43e33b588ec10420183", size = 11571897, upload-time = "2023-06-28T23:16:14.208Z" },
    { url = "https://files.pythonhosted.org/packages/e3/59/35a2892bf09ded9c1bf3804461efe772836a5261ef5dfb4e264ce813ff99/pandas-2.0.3-cp310-cp310-manylinux_2_17_x86_64.manylinux2014_x86_64.whl", hash = "sha256:ba619e410a21d8c387a1ea6e8a0e49bb42216474436245718d7f2e88a2f8d7c0", size = 12306421, upload-time = "2023-06-28T23:16:23.26Z" },
    { url = "https://files.pythonhosted.org/packages/94/71/3a0c25433c54bb29b48e3155b959ac78f4c4f2f06f94d8318aac612cb80f/pandas-2.0.3-cp310-cp310-win32.whl", hash = "sha256:3ef285093b4fe5058eefd756100a367f27029913760773c8bf1d2d8bebe5d210", size = 9540792, upload-time = "2023-06-28T23:16:30.876Z" },
    { url = "https://files.pythonhosted.org/packages/ed/30/b97456e7063edac0e5a405128065f0cd2033adfe3716fb2256c186bd41d0/pandas-2.0.3-cp310-cp310-win_amd64.whl", hash = "sha256:9ee1a69328d5c36c98d8e74db06f4ad518a1840e8ccb94a4ba86920986bb617e", size = 10664333, upload-time = "2023-06-28T23:16:39.209Z" },
    { url = "https://files.pythonhosted.org/packages/b3/92/a5e5133421b49e901a12e02a6a7ef3a0130e10d13db8cb657fdd0cba3b90/pandas-2.0.3-cp311-cp311-macosx_10_9_x86_64.whl", hash = "sha256:b084b91d8d66ab19f5bb3256cbd5ea661848338301940e17f4492b2ce0801fe8", size = 11645672, upload-time = "2023-06-28T23:16:47.601Z" },
    { url = "https://files.pythonhosted.org/packages/8f/bb/aea1fbeed5b474cb8634364718abe9030d7cc7a30bf51f40bd494bbc89a2/pandas-2.0.3-cp311-cp311-macosx_11_0_arm64.whl", hash = "sha256:37673e3bdf1551b95bf5d4ce372b37770f9529743d2498032439371fc7b7eb26", size = 10693229, upload-time = "2023-06-28T23:16:56.397Z" },
    { url = "https://files.pythonhosted.org/packages/d6/90/e7d387f1a416b14e59290baa7a454a90d719baebbf77433ff1bdcc727800/pandas-2.0.3-cp311-cp311-manylinux_2_17_aarch64.manylinux2014_aarch64.whl", hash = "sha256:b9cb1e14fdb546396b7e1b923ffaeeac24e4cedd14266c3497216dd4448e4f2d", size = 11581591, upload-time = "2023-06-28T23:17:04.234Z" },
    { url = "https://files.pythonhosted.org/packages/d0/28/88b81881c056376254618fad622a5e94b5126db8c61157ea1910cd1c040a/pandas-2.0.3-cp311-cp311-manylinux_2_17_x86_64.manylinux2014_x86_64.whl", hash = "sha256:d9cd88488cceb7635aebb84809d087468eb33551097d600c6dad13602029c2df", size = 12219370, upload-time = "2023-06-28T23:17:11.783Z" },
    { url = "https://files.pythonhosted.org/packages/e4/a5/212b9039e25bf8ebb97e417a96660e3dc925dacd3f8653d531b8f7fd9be4/pandas-2.0.3-cp311-cp311-win32.whl", hash = "sha256:694888a81198786f0e164ee3a581df7d505024fbb1f15202fc7db88a71d84ebd", size = 9482935, upload-time = "2023-06-28T23:17:21.376Z" },
    { url = "https://files.pythonhosted.org/packages/9e/71/756a1be6bee0209d8c0d8c5e3b9fc72c00373f384a4017095ec404aec3ad/pandas-2.0.3-cp311-cp311-win_amd64.whl", hash = "sha256:6a21ab5c89dcbd57f78d0ae16630b090eec626360085a4148693def5452d8a6b", size = 10607692, upload-time = "2023-06-28T23:17:28.824Z" },
    { url = "https://files.pythonhosted.org/packages/78/a8/07dd10f90ca915ed914853cd57f79bfc22e1ef4384ab56cb4336d2fc1f2a/pandas-2.0.3-cp38-cp38-macosx_10_9_x86_64.whl", hash = "sha256:9e4da0d45e7f34c069fe4d522359df7d23badf83abc1d1cef398895822d11061", size = 11653303, upload-time = "2023-06-28T23:17:36.329Z" },
    { url = "https://files.pythonhosted.org/packages/53/c3/f8e87361f7fdf42012def602bfa2a593423c729f5cb7c97aed7f51be66ac/pandas-2.0.3-cp38-cp38-macosx_11_0_arm64.whl", hash = "sha256:32fca2ee1b0d93dd71d979726b12b61faa06aeb93cf77468776287f41ff8fdc5", size = 10710932, upload-time = "2023-06-28T23:17:49.875Z" },
    { url = "https://files.pythonhosted.org/packages/a7/87/828d50c81ce0f434163bf70b925a0eec6076808e0bca312a79322b141f66/pandas-2.0.3-cp38-cp38-manylinux_2_17_aarch64.manylinux2014_aarch64.whl", hash = "sha256:258d3624b3ae734490e4d63c430256e716f488c4fcb7c8e9bde2d3aa46c29089", size = 11684018, upload-time = "2023-06-28T23:18:05.845Z" },
    { url = "https://files.pythonhosted.org/packages/f8/7f/5b047effafbdd34e52c9e2d7e44f729a0655efafb22198c45cf692cdc157/pandas-2.0.3-cp38-cp38-manylinux_2_17_x86_64.manylinux2014_x86_64.whl", hash = "sha256:9eae3dc34fa1aa7772dd3fc60270d13ced7346fcbcfee017d3132ec625e23bb0", size = 12353723, upload-time = "2023-06-28T23:18:17.631Z" },
    { url = "https://files.pythonhosted.org/packages/ea/ae/26a2eda7fa581347d69e51f93892493b2074ef3352ac71033c9f32c52389/pandas-2.0.3-cp38-cp38-win32.whl", hash = "sha256:f3421a7afb1a43f7e38e82e844e2bca9a6d793d66c1a7f9f0ff39a795bbc5e02", size = 9646403, upload-time = "2023-06-28T23:18:24.328Z" },
    { url = "https://files.pythonhosted.org/packages/c3/6c/ea362eef61f05553aaf1a24b3e96b2d0603f5dc71a3bd35688a24ed88843/pandas-2.0.3-cp38-cp38-win_amd64.whl", hash = "sha256:69d7f3884c95da3a31ef82b7618af5710dba95bb885ffab339aad925c3e8ce78", size = 10777638, upload-time = "2023-06-28T23:18:30.947Z" },
    { url = "https://files.pythonhosted.org/packages/f8/c7/cfef920b7b457dff6928e824896cb82367650ea127d048ee0b820026db4f/pandas-2.0.3-cp39-cp39-macosx_10_9_x86_64.whl", hash = "sha256:5247fb1ba347c1261cbbf0fcfba4a3121fbb4029d95d9ef4dc45406620b25c8b", size = 11834160, upload-time = "2023-06-28T23:18:40.332Z" },
    { url = "https://files.pythonhosted.org/packages/6c/1c/689c9d99bc4e5d366a5fd871f0bcdee98a6581e240f96b78d2d08f103774/pandas-2.0.3-cp39-cp39-macosx_11_0_arm64.whl", hash = "sha256:81af086f4543c9d8bb128328b5d32e9986e0c84d3ee673a2ac6fb57fd14f755e", size = 10862752, upload-time = "2023-06-28T23:18:50.016Z" },
    { url = "https://files.pythonhosted.org/packages/cc/b8/4d082f41c27c95bf90485d1447b647cc7e5680fea75e315669dc6e4cb398/pandas-2.0.3-cp39-cp39-manylinux_2_17_aarch64.manylinux2014_aarch64.whl", hash = "sha256:1994c789bf12a7c5098277fb43836ce090f1073858c10f9220998ac74f37c69b", size = 11715852, upload-time = "2023-06-28T23:19:00.594Z" },
    { url = "https://files.pythonhosted.org/packages/9e/0d/91a9fd2c202f2b1d97a38ab591890f86480ecbb596cbc56d035f6f23fdcc/pandas-2.0.3-cp39-cp39-manylinux_2_17_x86_64.manylinux2014_x86_64.whl", hash = "sha256:5ec591c48e29226bcbb316e0c1e9423622bc7a4eaf1ef7c3c9fa1a3981f89641", size = 12398496, upload-time = "2023-06-28T23:19:11.78Z" },
    { url = "https://files.pythonhosted.org/packages/26/7d/d8aa0a2c4f3f5f8ea59fb946c8eafe8f508090ca73e2b08a9af853c1103e/pandas-2.0.3-cp39-cp39-win32.whl", hash = "sha256:04dbdbaf2e4d46ca8da896e1805bc04eb85caa9a82e259e8eed00254d5e0c682", size = 9630766, upload-time = "2023-06-28T23:19:18.182Z" },
    { url = "https://files.pythonhosted.org/packages/9a/f2/0ad053856debbe90c83de1b4f05915f85fd2146f20faf9daa3b320d36df3/pandas-2.0.3-cp39-cp39-win_amd64.whl", hash = "sha256:1168574b036cd8b93abc746171c9b4f1b83467438a5e45909fed645cf8692dbc", size = 10755902, upload-time = "2023-06-28T23:19:25.151Z" },
]

[[package]]
name = "python-dateutil"
version = "2.9.0.post0"
source = { registry = "https://pypi.org/simple" }
dependencies = [
    { name = "six" },
]
sdist = { url = "https://files.pythonhosted.org/packages/66/c0/0c8b6ad9f17a802ee498c46e004a0eb49bc148f2fd230864601a86dcf6db/python-dateutil-2.9.0.post0.tar.gz", hash = "sha256:37dd54208da7e1cd875388217d5e00ebd4179249f90fb72437e91a35459a0ad3", size = 342432, upload-time = "2024-03-01T18:36:20.211Z" }
wheels = [
    { url = "https://files.pythonhosted.org/packages/ec/57/56b9bcc3c9c6a792fcbaf139543cee77261f3651ca9da0c93f5c1221264b/python_dateutil-2.9.0.post0-py2.py3-none-any.whl", hash = "sha256:a8b2bc7bffae282281c8140a97d3aa9c14da0b136dfe83f850eea9a5f7470427", size = 229892, upload-time = "2024-03-01T18:36:18.57Z" },
]

[[package]]
name = "pytz"
version = "2025.2"
source = { registry = "https://pypi.org/simple" }
sdist = { url = "https://files.pythonhosted.org/packages/f8/bf/abbd3cdfb8fbc7fb3d4d38d320f2441b1e7cbe29be4f23797b4a2b5d8aac/pytz-2025.2.tar.gz", hash = "sha256:360b9e3dbb49a209c21ad61809c7fb453643e048b38924c765813546746e81c3", size = 320884, upload-time = "2025-03-25T02:25:00.538Z" }
wheels = [
    { url = "https://files.pythonhosted.org/packages/81/c4/34e93fe5f5429d7570ec1fa436f1986fb1f00c3e0f43a589fe2bbcd22c3f/pytz-2025.2-py2.py3-none-any.whl", hash = "sha256:5ddf76296dd8c44c26eb8f4b6f35488f3ccbf6fbbd7adee0b7262d43f0ec2f00", size = 509225, upload-time = "2025-03-25T02:24:58.468Z" },
]

[[package]]
name = "six"
version = "1.17.0"
source = { registry = "https://pypi.org/simple" }
sdist = { url = "https://files.pythonhosted.org/packages/94/e7/b2c673351809dca68a0e064b6af791aa332cf192da575fd474ed7d6f16a2/six-1.17.0.tar.gz", hash = "sha256:ff70335d468e7eb6ec65b95b99d3a2836546063f63acc5171de367e834932a81", size = 34031, upload-time = "2024-12-04T17:35:28.174Z" }
wheels = [
    { url = "https://files.pythonhosted.org/packages/b7/ce/149a00dd41f10bc29e5921b496af8b574d8413afcd5e30dfa0ed46c2cc5e/six-1.17.0-py2.py3-none-any.whl", hash = "sha256:4721f391ed90541fddacab5acf947aa0d3dc7d27b2e1e8eda2be8970586c3274", size = 11050, upload-time = "2024-12-04T17:35:26.475Z" },
]

[[package]]
name = "tzdata"
version = "2025.3"
source = { registry = "https://pypi.org/simple" }
sdist = { url = "https://files.pythonhosted.org/packages/5e/a7/c202b344c5ca7daf398f3b8a477eeb205cf3b6f32e7ec3a6bac0629ca975/tzdata-2025.3.tar.gz", hash = "sha256:de39c2ca5dc7b0344f2eba86f49d614019d29f060fc4ebc8a417896a620b56a7", size = 196772, upload-time = "2025-12-13T17:45:35.667Z" }
wheels = [
    { url = "https://files.pythonhosted.org/packages/c7/b0/003792df09decd6849a5e39c28b513c06e84436a54440380862b5aeff25d/tzdata-2025.3-py2.py3-none-any.whl", hash = "sha256:06a47e5700f3081aab02b2e513160914ff0694bce9947d6b76ebd6bf57cfc5d1", size = 348521, upload-time = "2025-12-13T17:45:33.889Z" },
]
